
Microsoft Visual Studio Solution File, Format Version 12.00
# Visual Studio Version 17
VisualStudioVersion = 17.10.35027.167
MinimumVisualStudioVersion = 10.0.40219.1
Project("{9A19103F-16F7-4668-BE54-9A1E7A4F7556}") = "Consumer", "Consumer\Consumer.csproj", "{5A369BA4-C738-40AE-B9AA-6D03C30DEA0D}"
EndProject
Project("{9A19103F-16F7-4668-BE54-9A1E7A4F7556}") = "Producer", "Producer\Producer.csproj", "{01061936-3463-4412-B740-B9DA432D3F30}"
EndProject
Global
	GlobalSection(SolutionConfigurationPlatforms) = preSolution
		Debug|Any CPU = Debug|Any CPU
		Release|Any CPU = Release|Any CPU
	EndGlobalSection
	GlobalSection(ProjectConfigurationPlatforms) = postSolution
		{5A369BA4-C738-40AE-B9AA-6D03C30DEA0D}.Debug|Any CPU.ActiveCfg = Debug|Any CPU
		{5A369BA4-C738-40AE-B9AA-6D03C30DEA0D}.Debug|Any CPU.Build.0 = Debug|Any CPU
		{5A369BA4-C738-40AE-B9AA-6D03C30DEA0D}.Release|Any CPU.ActiveCfg = Release|Any CPU
		{5A369BA4-C738-40AE-B9AA-6D03C30DEA0D}.Release|Any CPU.Build.0 = Release|Any CPU
		{01061936-3463-4412-B740-B9DA432D3F30}.Debug|Any CPU.ActiveCfg = Debug|Any CPU
		{01061936-3463-4412-B740-B9DA432D3F30}.Debug|Any CPU.Build.0 = Debug|Any CPU
		{01061936-3463-4412-B740-B9DA432D3F30}.Release|Any CPU.ActiveCfg = Release|Any CPU
		{01061936-3463-4412-B740-B9DA432D3F30}.Release|Any CPU.Build.0 = Release|Any CPU
	EndGlobalSection
	GlobalSection(SolutionProperties) = preSolution
		HideSolutionNode = FALSE
	EndGlobalSection
	GlobalSection(ExtensibilityGlobals) = postSolution
		SolutionGuid = {C8930108-BED0-45FE-A0E4-E3ADCB1E7275}
	EndGlobalSection
EndGlobal
